
Microsoft Visual Studio Solution File, Format Version 12.00
# Visual Studio Version 17
VisualStudioVersion = 17.14.36414.22 d17.14
MinimumVisualStudioVersion = 10.0.40219.1
Project("{FAE04EC0-301F-11D3-BF4B-00C04F79EFBC}") = "NotionConnect", "NotionConnect.csproj", "{1E9787E1-F461-43BF-A417-92448ABCFA69}"
EndProject
Global
	GlobalSection(SolutionConfigurationPlatforms) = preSolution
		Debug|Any CPU = Debug|Any CPU
		Release|Any CPU = Release|Any CPU
	EndGlobalSection
	GlobalSection(ProjectConfigurationPlatforms) = postSolution
		{1E9787E1-F461-43BF-A417-92448ABCFA69}.Debug|Any CPU.ActiveCfg = Debug|Any CPU
		{1E9787E1-F461-43BF-A417-92448ABCFA69}.Debug|Any CPU.Build.0 = Debug|Any CPU
		{1E9787E1-F461-43BF-A417-92448ABCFA69}.Release|Any CPU.ActiveCfg = Release|Any CPU
		{1E9787E1-F461-43BF-A417-92448ABCFA69}.Release|Any CPU.Build.0 = Release|Any CPU
	EndGlobalSection
	GlobalSection(SolutionProperties) = preSolution
		HideSolutionNode = FALSE
	EndGlobalSection
	GlobalSection(ExtensibilityGlobals) = postSolution
		SolutionGuid = {311CC2DC-15CA-445A-86D7-D1D95597F72A}
	EndGlobalSection
EndGlobal
